
Microsoft Visual Studio Solution File, Format Version 12.00
# Visual Studio Version 16
VisualStudioVersion = 16.0.30413.136
MinimumVisualStudioVersion = 10.0.40219.1
Project("{FAE04EC0-301F-11D3-BF4B-00C04F79EFBC}") = "game_pokemon_art_galery", "game_pokemon_art_galery.csproj", "{60638268-32CE-47C7-BAE1-1C51EDA37AEF}"
EndProject
Global
	GlobalSection(SolutionConfigurationPlatforms) = preSolution
		Debug|Any CPU = Debug|Any CPU
		Release|Any CPU = Release|Any CPU
	EndGlobalSection
	GlobalSection(ProjectConfigurationPlatforms) = postSolution
		{60638268-32CE-47C7-BAE1-1C51EDA37AEF}.Debug|Any CPU.ActiveCfg = Debug|Any CPU
		{60638268-32CE-47C7-BAE1-1C51EDA37AEF}.Debug|Any CPU.Build.0 = Debug|Any CPU
		{60638268-32CE-47C7-BAE1-1C51EDA37AEF}.Release|Any CPU.ActiveCfg = Release|Any CPU
		{60638268-32CE-47C7-BAE1-1C51EDA37AEF}.Release|Any CPU.Build.0 = Release|Any CPU
	EndGlobalSection
	GlobalSection(SolutionProperties) = preSolution
		HideSolutionNode = FALSE
	EndGlobalSection
	GlobalSection(ExtensibilityGlobals) = postSolution
		SolutionGuid = {656D4499-0B19-43C2-AAAA-7A21FC23CB8A}
	EndGlobalSection
EndGlobal
